# This file was autogenerated by Stack.
# You should not edit this file by hand.
# For more information, please see the documentation at:
#   https://docs.haskellstack.org/en/stable/lock_files

packages: []
snapshots:
- completed:
    size: 423845
    url: https://raw.githubusercontent.com/commercialhaskell/stackage-snapshots/master/lts/6/12.yaml
    sha256: ae008539ecbc0355b7df48a07cf7d3b62d2f5c03aecebcb177de3f6121cdd239
  original: lts-6.12
